
Microsoft Visual Studio Solution File, Format Version 12.00
# Visual Studio Version 16
VisualStudioVersion = 16.0.30503.244
MinimumVisualStudioVersion = 10.0.40219.1
Project("{2150E333-8FDC-42A3-9474-1A3956D46DE8}") = "Microservices", "Microservices", "{7557863D-0719-4E7E-9B63-0729C779DD53}"
EndProject
Project("{2150E333-8FDC-42A3-9474-1A3956D46DE8}") = "Domain", "Domain", "{63275B25-06CD-4260-8AC2-E7CC558F1AD6}"
EndProject
Project("{2150E333-8FDC-42A3-9474-1A3956D46DE8}") = "Infrastructure", "Infrastructure", "{10EDB4C7-DED3-4B11-9A0E-C2523E0D4679}"
EndProject
Project("{2150E333-8FDC-42A3-9474-1A3956D46DE8}") = "Presentation", "Presentation", "{F7FC3F1E-9E91-4A25-BF7B-70DF63D61110}"
EndProject
Project("{9A19103F-16F7-4668-BE54-9A1E7A4F7556}") = "Msk2.Infrastructure.IoC", "src\Infrastructure\Msk2.Infrastructure.IoC\Msk2.Infrastructure.IoC.csproj", "{83DB8414-CA1D-48D1-891A-DB846A9E4A36}"
EndProject
Project("{2150E333-8FDC-42A3-9474-1A3956D46DE8}") = "Banking", "Banking", "{6C250CAD-AC43-41C4-A96C-ADAA3B3B56C3}"
EndProject
Project("{9A19103F-16F7-4668-BE54-9A1E7A4F7556}") = "Msk2.Banking.Api", "src\Microservices\Banking\Msk2.Banking.Api\Msk2.Banking.Api.csproj", "{75E57639-0039-4CC2-ACC6-270B786973A7}"
EndProject
Project("{9A19103F-16F7-4668-BE54-9A1E7A4F7556}") = "Msk2.Banking.Application", "src\Microservices\Banking\Msk2.Banking.Application\Msk2.Banking.Application.csproj", "{BCC843EB-48E6-42C4-B030-20563FFCEE03}"
EndProject
Project("{9A19103F-16F7-4668-BE54-9A1E7A4F7556}") = "Msk2.Banking.Domain", "src\Microservices\Banking\Msk2.Banking.Domain\Msk2.Banking.Domain.csproj", "{2A5F778B-924E-4CB5-BBCC-22CD74AC982D}"
EndProject
Project("{9A19103F-16F7-4668-BE54-9A1E7A4F7556}") = "Msk2.Banking.Data", "src\Microservices\Banking\Msk2.Banking.Data\Msk2.Banking.Data.csproj", "{53A455D5-F6C0-4821-9098-E5C9D2AFB4CA}"
EndProject
Project("{9A19103F-16F7-4668-BE54-9A1E7A4F7556}") = "Msk2.Domain.Core", "src\Domain\Msk2.Domain.Core\Msk2.Domain.Core.csproj", "{8829BE94-0939-4E13-86C9-8DECD976CBA1}"
EndProject
Project("{9A19103F-16F7-4668-BE54-9A1E7A4F7556}") = "Msk2.Infrastructure.Bus", "src\Infrastructure\Msk2.Infrastructure.Bus\Msk2.Infrastructure.Bus.csproj", "{CBC17965-D737-42AF-9DCE-5A1DC009A355}"
EndProject
Project("{2150E333-8FDC-42A3-9474-1A3956D46DE8}") = "Transfer", "Transfer", "{7974F1F7-D3C0-4CD7-B458-A3CF54C1B438}"
EndProject
Project("{9A19103F-16F7-4668-BE54-9A1E7A4F7556}") = "Msk2.Transfer.Api", "src\Microservices\Transfer\Msk2.Transfer.Api\Msk2.Transfer.Api.csproj", "{8972D46E-0008-4BFE-BAAD-9FF011C714AD}"
EndProject
Project("{9A19103F-16F7-4668-BE54-9A1E7A4F7556}") = "Msk2.Transfer.Application", "src\Microservices\Transfer\Msk2.Transfer.Application\Msk2.Transfer.Application.csproj", "{CEE6F086-B9BC-4ACC-8001-177196F9D49B}"
EndProject
Project("{9A19103F-16F7-4668-BE54-9A1E7A4F7556}") = "Msk2.Transfer.Data", "src\Microservices\Transfer\Msk2.Transfer.Data\Msk2.Transfer.Data.csproj", "{C3C313B7-5B60-403F-9334-4A9DB702FF32}"
EndProject
Project("{9A19103F-16F7-4668-BE54-9A1E7A4F7556}") = "Msk2.Transfer.Domain", "src\Microservices\Transfer\Msk2.Transfer.Domain\Msk2.Transfer.Domain.csproj", "{78D9446B-BC40-4140-BED5-9B4EA888A848}"
EndProject
Project("{FAE04EC0-301F-11D3-BF4B-00C04F79EFBC}") = "Msk2.WebApp", "src\Presentation\Msk2.WebApp\Msk2.WebApp.csproj", "{E00EEEB4-0649-4365-8717-CF6AC0476DE2}"
EndProject
Global
	GlobalSection(SolutionConfigurationPlatforms) = preSolution
		Debug|Any CPU = Debug|Any CPU
		Release|Any CPU = Release|Any CPU
	EndGlobalSection
	GlobalSection(ProjectConfigurationPlatforms) = postSolution
		{83DB8414-CA1D-48D1-891A-DB846A9E4A36}.Debug|Any CPU.ActiveCfg = Debug|Any CPU
		{83DB8414-CA1D-48D1-891A-DB846A9E4A36}.Debug|Any CPU.Build.0 = Debug|Any CPU
		{83DB8414-CA1D-48D1-891A-DB846A9E4A36}.Release|Any CPU.ActiveCfg = Release|Any CPU
		{83DB8414-CA1D-48D1-891A-DB846A9E4A36}.Release|Any CPU.Build.0 = Release|Any CPU
		{75E57639-0039-4CC2-ACC6-270B786973A7}.Debug|Any CPU.ActiveCfg = Debug|Any CPU
		{75E57639-0039-4CC2-ACC6-270B786973A7}.Debug|Any CPU.Build.0 = Debug|Any CPU
		{75E57639-0039-4CC2-ACC6-270B786973A7}.Release|Any CPU.ActiveCfg = Release|Any CPU
		{75E57639-0039-4CC2-ACC6-270B786973A7}.Release|Any CPU.Build.0 = Release|Any CPU
		{BCC843EB-48E6-42C4-B030-20563FFCEE03}.Debug|Any CPU.ActiveCfg = Debug|Any CPU
		{BCC843EB-48E6-42C4-B030-20563FFCEE03}.Debug|Any CPU.Build.0 = Debug|Any CPU
		{BCC843EB-48E6-42C4-B030-20563FFCEE03}.Release|Any CPU.ActiveCfg = Release|Any CPU
		{BCC843EB-48E6-42C4-B030-20563FFCEE03}.Release|Any CPU.Build.0 = Release|Any CPU
		{2A5F778B-924E-4CB5-BBCC-22CD74AC982D}.Debug|Any CPU.ActiveCfg = Debug|Any CPU
		{2A5F778B-924E-4CB5-BBCC-22CD74AC982D}.Debug|Any CPU.Build.0 = Debug|Any CPU
		{2A5F778B-924E-4CB5-BBCC-22CD74AC982D}.Release|Any CPU.ActiveCfg = Release|Any CPU
		{2A5F778B-924E-4CB5-BBCC-22CD74AC982D}.Release|Any CPU.Build.0 = Release|Any CPU
		{53A455D5-F6C0-4821-9098-E5C9D2AFB4CA}.Debug|Any CPU.ActiveCfg = Debug|Any CPU
		{53A455D5-F6C0-4821-9098-E5C9D2AFB4CA}.Debug|Any CPU.Build.0 = Debug|Any CPU
		{53A455D5-F6C0-4821-9098-E5C9D2AFB4CA}.Release|Any CPU.ActiveCfg = Release|Any CPU
		{53A455D5-F6C0-4821-9098-E5C9D2AFB4CA}.Release|Any CPU.Build.0 = Release|Any CPU
		{8829BE94-0939-4E13-86C9-8DECD976CBA1}.Debug|Any CPU.ActiveCfg = Debug|Any CPU
		{8829BE94-0939-4E13-86C9-8DECD976CBA1}.Debug|Any CPU.Build.0 = Debug|Any CPU
		{8829BE94-0939-4E13-86C9-8DECD976CBA1}.Release|Any CPU.ActiveCfg = Release|Any CPU
		{8829BE94-0939-4E13-86C9-8DECD976CBA1}.Release|Any CPU.Build.0 = Release|Any CPU
		{CBC17965-D737-42AF-9DCE-5A1DC009A355}.Debug|Any CPU.ActiveCfg = Debug|Any CPU
		{CBC17965-D737-42AF-9DCE-5A1DC009A355}.Debug|Any CPU.Build.0 = Debug|Any CPU
		{CBC17965-D737-42AF-9DCE-5A1DC009A355}.Release|Any CPU.ActiveCfg = Release|Any CPU
		{CBC17965-D737-42AF-9DCE-5A1DC009A355}.Release|Any CPU.Build.0 = Release|Any CPU
		{8972D46E-0008-4BFE-BAAD-9FF011C714AD}.Debug|Any CPU.ActiveCfg = Debug|Any CPU
		{8972D46E-0008-4BFE-BAAD-9FF011C714AD}.Debug|Any CPU.Build.0 = Debug|Any CPU
		{8972D46E-0008-4BFE-BAAD-9FF011C714AD}.Release|Any CPU.ActiveCfg = Release|Any CPU
		{8972D46E-0008-4BFE-BAAD-9FF011C714AD}.Release|Any CPU.Build.0 = Release|Any CPU
		{CEE6F086-B9BC-4ACC-8001-177196F9D49B}.Debug|Any CPU.ActiveCfg = Debug|Any CPU
		{CEE6F086-B9BC-4ACC-8001-177196F9D49B}.Debug|Any CPU.Build.0 = Debug|Any CPU
		{CEE6F086-B9BC-4ACC-8001-177196F9D49B}.Release|Any CPU.ActiveCfg = Release|Any CPU
		{CEE6F086-B9BC-4ACC-8001-177196F9D49B}.Release|Any CPU.Build.0 = Release|Any CPU
		{C3C313B7-5B60-403F-9334-4A9DB702FF32}.Debug|Any CPU.ActiveCfg = Debug|Any CPU
		{C3C313B7-5B60-403F-9334-4A9DB702FF32}.Debug|Any CPU.Build.0 = Debug|Any CPU
		{C3C313B7-5B60-403F-9334-4A9DB702FF32}.Release|Any CPU.ActiveCfg = Release|Any CPU
		{C3C313B7-5B60-403F-9334-4A9DB702FF32}.Release|Any CPU.Build.0 = Release|Any CPU
		{78D9446B-BC40-4140-BED5-9B4EA888A848}.Debug|Any CPU.ActiveCfg = Debug|Any CPU
		{78D9446B-BC40-4140-BED5-9B4EA888A848}.Debug|Any CPU.Build.0 = Debug|Any CPU
		{78D9446B-BC40-4140-BED5-9B4EA888A848}.Release|Any CPU.ActiveCfg = Release|Any CPU
		{78D9446B-BC40-4140-BED5-9B4EA888A848}.Release|Any CPU.Build.0 = Release|Any CPU
		{E00EEEB4-0649-4365-8717-CF6AC0476DE2}.Debug|Any CPU.ActiveCfg = Debug|Any CPU
		{E00EEEB4-0649-4365-8717-CF6AC0476DE2}.Debug|Any CPU.Build.0 = Debug|Any CPU
		{E00EEEB4-0649-4365-8717-CF6AC0476DE2}.Release|Any CPU.ActiveCfg = Release|Any CPU
		{E00EEEB4-0649-4365-8717-CF6AC0476DE2}.Release|Any CPU.Build.0 = Release|Any CPU
	EndGlobalSection
	GlobalSection(SolutionProperties) = preSolution
		HideSolutionNode = FALSE
	EndGlobalSection
	GlobalSection(NestedProjects) = preSolution
		{83DB8414-CA1D-48D1-891A-DB846A9E4A36} = {10EDB4C7-DED3-4B11-9A0E-C2523E0D4679}
		{6C250CAD-AC43-41C4-A96C-ADAA3B3B56C3} = {7557863D-0719-4E7E-9B63-0729C779DD53}
		{75E57639-0039-4CC2-ACC6-270B786973A7} = {6C250CAD-AC43-41C4-A96C-ADAA3B3B56C3}
		{BCC843EB-48E6-42C4-B030-20563FFCEE03} = {6C250CAD-AC43-41C4-A96C-ADAA3B3B56C3}
		{2A5F778B-924E-4CB5-BBCC-22CD74AC982D} = {6C250CAD-AC43-41C4-A96C-ADAA3B3B56C3}
		{53A455D5-F6C0-4821-9098-E5C9D2AFB4CA} = {6C250CAD-AC43-41C4-A96C-ADAA3B3B56C3}
		{8829BE94-0939-4E13-86C9-8DECD976CBA1} = {63275B25-06CD-4260-8AC2-E7CC558F1AD6}
		{CBC17965-D737-42AF-9DCE-5A1DC009A355} = {10EDB4C7-DED3-4B11-9A0E-C2523E0D4679}
		{7974F1F7-D3C0-4CD7-B458-A3CF54C1B438} = {7557863D-0719-4E7E-9B63-0729C779DD53}
		{8972D46E-0008-4BFE-BAAD-9FF011C714AD} = {7974F1F7-D3C0-4CD7-B458-A3CF54C1B438}
		{CEE6F086-B9BC-4ACC-8001-177196F9D49B} = {7974F1F7-D3C0-4CD7-B458-A3CF54C1B438}
		{C3C313B7-5B60-403F-9334-4A9DB702FF32} = {7974F1F7-D3C0-4CD7-B458-A3CF54C1B438}
		{78D9446B-BC40-4140-BED5-9B4EA888A848} = {7974F1F7-D3C0-4CD7-B458-A3CF54C1B438}
		{E00EEEB4-0649-4365-8717-CF6AC0476DE2} = {F7FC3F1E-9E91-4A25-BF7B-70DF63D61110}
	EndGlobalSection
	GlobalSection(ExtensibilityGlobals) = postSolution
		SolutionGuid = {F9412550-F25F-4020-BEC7-A379025F75BD}
	EndGlobalSection
EndGlobal
